
Microsoft Visual Studio Solution File, Format Version 12.00
# Visual Studio Version 16
VisualStudioVersion = 16.0.31402.337
MinimumVisualStudioVersion = 10.0.40219.1
Project("{FAE04EC0-301F-11D3-BF4B-00C04F79EFBC}") = "Data Access Layer (DAL)", "Data Access Layer (DAL)\Data Access Layer (DAL).csproj", "{C2372B00-C3B9-4BCC-9B6F-D38C358BBB05}"
EndProject
Project("{FAE04EC0-301F-11D3-BF4B-00C04F79EFBC}") = "Business Layer (BL)", "Business Layer (BL)\Business Layer (BL).csproj", "{73BAD617-57BC-4CB6-894E-5FB1C1C47593}"
EndProject
Project("{FAE04EC0-301F-11D3-BF4B-00C04F79EFBC}") = "Web", "Web\Web.csproj", "{80322E3E-D476-487C-B9B3-2D06C883A5E4}"
EndProject
Global
	GlobalSection(SolutionConfigurationPlatforms) = preSolution
		Debug|Any CPU = Debug|Any CPU
		Release|Any CPU = Release|Any CPU
	EndGlobalSection
	GlobalSection(ProjectConfigurationPlatforms) = postSolution
		{C2372B00-C3B9-4BCC-9B6F-D38C358BBB05}.Debug|Any CPU.ActiveCfg = Debug|Any CPU
		{C2372B00-C3B9-4BCC-9B6F-D38C358BBB05}.Debug|Any CPU.Build.0 = Debug|Any CPU
		{C2372B00-C3B9-4BCC-9B6F-D38C358BBB05}.Release|Any CPU.ActiveCfg = Release|Any CPU
		{C2372B00-C3B9-4BCC-9B6F-D38C358BBB05}.Release|Any CPU.Build.0 = Release|Any CPU
		{73BAD617-57BC-4CB6-894E-5FB1C1C47593}.Debug|Any CPU.ActiveCfg = Debug|Any CPU
		{73BAD617-57BC-4CB6-894E-5FB1C1C47593}.Debug|Any CPU.Build.0 = Debug|Any CPU
		{73BAD617-57BC-4CB6-894E-5FB1C1C47593}.Release|Any CPU.ActiveCfg = Release|Any CPU
		{73BAD617-57BC-4CB6-894E-5FB1C1C47593}.Release|Any CPU.Build.0 = Release|Any CPU
		{80322E3E-D476-487C-B9B3-2D06C883A5E4}.Debug|Any CPU.ActiveCfg = Debug|Any CPU
		{80322E3E-D476-487C-B9B3-2D06C883A5E4}.Debug|Any CPU.Build.0 = Debug|Any CPU
		{80322E3E-D476-487C-B9B3-2D06C883A5E4}.Release|Any CPU.ActiveCfg = Release|Any CPU
		{80322E3E-D476-487C-B9B3-2D06C883A5E4}.Release|Any CPU.Build.0 = Release|Any CPU
	EndGlobalSection
	GlobalSection(SolutionProperties) = preSolution
		HideSolutionNode = FALSE
	EndGlobalSection
	GlobalSection(ExtensibilityGlobals) = postSolution
		SolutionGuid = {4DD7D86A-B41C-4F0A-AEB5-DA614CE41321}
	EndGlobalSection
EndGlobal
